// !$*UTF8*$!
{
	archiveVersion = 1;
	classes = {
	};
	objectVersion = 45;
	objects = {

/* Begin PBXBuildFile section */
		D8953EA30F6CE81500C98B7E /* NDFiber.m in Sources */ = {isa = PBXBuildFile; fileRef = D8E4171E0F6CCCB200DF38DA /* NDFiber.m */; };
		D8E4171A0F6CCC9300DF38DA /* NDFiberTest.m in Sources */ = {isa = PBXBuildFile; fileRef = D8E417190F6CCC9300DF38DA /* NDFiberTest.m */; };
		D8E4171F0F6CCCB200DF38DA /* NDFiber.m in Sources */ = {isa = PBXBuildFile; fileRef = D8E4171E0F6CCCB200DF38DA /* NDFiber.m */; };
		D8E417200F6CCCBB00DF38DA /* NDFiber.m in Sources */ = {isa = PBXBuildFile; fileRef = D8E4171E0F6CCCB200DF38DA /* NDFiber.m */; };
		D8E417560F6CCD0400DF38DA /* Foundation.framework in Frameworks */ = {isa = PBXBuildFile; fileRef = D8E417550F6CCD0400DF38DA /* Foundation.framework */; };
		D8E417570F6CCD0400DF38DA /* Foundation.framework in Frameworks */ = {isa = PBXBuildFile; fileRef = D8E417550F6CCD0400DF38DA /* Foundation.framework */; };
		D8E417E50F6CCD7A00DF38DA /* ExceptionsTest.m in Sources */ = {isa = PBXBuildFile; fileRef = D8E417E30F6CCD7A00DF38DA /* ExceptionsTest.m */; };
		D8E418100F6CD31400DF38DA /* AutoreleasePoolTest.m in Sources */ = {isa = PBXBuildFile; fileRef = D8E4180F0F6CD31400DF38DA /* AutoreleasePoolTest.m */; };
/* End PBXBuildFile section */

/* Begin PBXCopyFilesBuildPhase section */
		8DD76F7B0486A8DE00D96B5E /* CopyFiles */ = {
			isa = PBXCopyFilesBuildPhase;
			buildActionMask = 8;
			dstPath = /usr/share/man/man1/;
			dstSubfolderSpec = 0;
			files = (
			);
			runOnlyForDeploymentPostprocessing = 1;
		};
/* End PBXCopyFilesBuildPhase section */

/* Begin PBXFileReference section */
		8DD76F7E0486A8DE00D96B5E /* NDFiber */ = {isa = PBXFileReference; explicitFileType = "compiled.mach-o.executable"; includeInIndex = 0; path = NDFiber; sourceTree = BUILT_PRODUCTS_DIR; };
		D83927B00F661E61002C4E9C /* CompositePage.html */ = {isa = PBXFileReference; fileEncoding = 4; lastKnownFileType = text.html.documentation; path = CompositePage.html; sourceTree = "<group>"; };
		D83927B10F661E61002C4E9C /* index.html */ = {isa = PBXFileReference; fileEncoding = 4; lastKnownFileType = text.html.documentation; path = index.html; sourceTree = "<group>"; };
		D83927B30F661E61002C4E9C /* Methods.html */ = {isa = PBXFileReference; fileEncoding = 4; lastKnownFileType = text.html.documentation; path = Methods.html; sourceTree = "<group>"; };
		D83927B40F661E61002C4E9C /* NDFiber.html */ = {isa = PBXFileReference; fileEncoding = 4; lastKnownFileType = text.html.documentation; path = NDFiber.html; sourceTree = "<group>"; };
		D83927B50F661E61002C4E9C /* toc.html */ = {isa = PBXFileReference; fileEncoding = 4; lastKnownFileType = text.html.documentation; path = toc.html; sourceTree = "<group>"; };
		D83927B60F661E61002C4E9C /* CompositePage.html */ = {isa = PBXFileReference; fileEncoding = 4; lastKnownFileType = text.html.documentation; path = CompositePage.html; sourceTree = "<group>"; };
		D83927B80F661E61002C4E9C /* Constants.html */ = {isa = PBXFileReference; fileEncoding = 4; lastKnownFileType = text.html.documentation; path = Constants.html; sourceTree = "<group>"; };
		D83927B90F661E61002C4E9C /* index.html */ = {isa = PBXFileReference; fileEncoding = 4; lastKnownFileType = text.html.documentation; path = index.html; sourceTree = "<group>"; };
		D83927BA0F661E61002C4E9C /* NDFiber.html */ = {isa = PBXFileReference; fileEncoding = 4; lastKnownFileType = text.html.documentation; path = NDFiber.html; sourceTree = "<group>"; };
		D83927BB0F661E61002C4E9C /* toc.html */ = {isa = PBXFileReference; fileEncoding = 4; lastKnownFileType = text.html.documentation; path = toc.html; sourceTree = "<group>"; };
		D83927BE0F661E61002C4E9C /* Manual Page for pthread_getspecific.html */ = {isa = PBXFileReference; explicitFileType = text.html.documentation; fileEncoding = 4; path = "Manual Page for pthread_getspecific.html"; sourceTree = "<group>"; };
		D83927BF0F661E61002C4E9C /* Manual Page for pthread_key_create.html */ = {isa = PBXFileReference; explicitFileType = text.html.documentation; fileEncoding = 4; path = "Manual Page for pthread_key_create.html"; sourceTree = "<group>"; };
		D83927C00F661E61002C4E9C /* Manual Page for pthread_once.html */ = {isa = PBXFileReference; explicitFileType = text.html.documentation; fileEncoding = 4; path = "Manual Page for pthread_once.html"; sourceTree = "<group>"; };
		D83927C10F661E61002C4E9C /* Manual Page for pthread_setspecific.html */ = {isa = PBXFileReference; explicitFileType = text.html.documentation; fileEncoding = 4; path = "Manual Page for pthread_setspecific.html"; sourceTree = "<group>"; };
		D83927C20F661E61002C4E9C /* Manual Page for ucontext.html */ = {isa = PBXFileReference; explicitFileType = text.html.documentation; fileEncoding = 4; path = "Manual Page for ucontext.html"; sourceTree = "<group>"; };
		D83927C40F661E61002C4E9C /* To Do.rtf */ = {isa = PBXFileReference; lastKnownFileType = text.rtf; path = "To Do.rtf"; sourceTree = "<group>"; };
		D83927C50F661E61002C4E9C /* ucontext Broken on OS X 10.5 Leopard.rtf */ = {isa = PBXFileReference; lastKnownFileType = text.rtf; path = "ucontext Broken on OS X 10.5 Leopard.rtf"; sourceTree = "<group>"; };
		D870DAB50F6CCB0A00E3A0C3 /* ExceptionTest */ = {isa = PBXFileReference; explicitFileType = "compiled.mach-o.executable"; includeInIndex = 0; path = ExceptionTest; sourceTree = BUILT_PRODUCTS_DIR; };
		D8E417190F6CCC9300DF38DA /* NDFiberTest.m */ = {isa = PBXFileReference; fileEncoding = 4; lastKnownFileType = sourcecode.c.objc; path = NDFiberTest.m; sourceTree = "<group>"; };
		D8E4171D0F6CCCB200DF38DA /* NDFiber.h */ = {isa = PBXFileReference; fileEncoding = 4; lastKnownFileType = sourcecode.c.h; path = NDFiber.h; sourceTree = "<group>"; };
		D8E4171E0F6CCCB200DF38DA /* NDFiber.m */ = {isa = PBXFileReference; fileEncoding = 4; lastKnownFileType = sourcecode.c.objc; path = NDFiber.m; sourceTree = "<group>"; };
		D8E417550F6CCD0400DF38DA /* Foundation.framework */ = {isa = PBXFileReference; lastKnownFileType = wrapper.framework; name = Foundation.framework; path = /System/Library/Frameworks/Foundation.framework; sourceTree = "<absolute>"; };
		D8E417E30F6CCD7A00DF38DA /* ExceptionsTest.m */ = {isa = PBXFileReference; fileEncoding = 4; lastKnownFileType = sourcecode.c.objc; path = ExceptionsTest.m; sourceTree = "<group>"; };
		D8E418030F6CD29B00DF38DA /* AutoreleasePoolTest */ = {isa = PBXFileReference; explicitFileType = "compiled.mach-o.executable"; includeInIndex = 0; path = AutoreleasePoolTest; sourceTree = BUILT_PRODUCTS_DIR; };
		D8E4180F0F6CD31400DF38DA /* AutoreleasePoolTest.m */ = {isa = PBXFileReference; fileEncoding = 4; lastKnownFileType = sourcecode.c.objc; path = AutoreleasePoolTest.m; sourceTree = "<group>"; };
/* End PBXFileReference section */

/* Begin PBXFrameworksBuildPhase section */
		8DD76F780486A8DE00D96B5E /* Frameworks */ = {
			isa = PBXFrameworksBuildPhase;
			buildActionMask = 2147483647;
			files = (
				D8E417560F6CCD0400DF38DA /* Foundation.framework in Frameworks */,
			);
			runOnlyForDeploymentPostprocessing = 0;
		};
		D870DAB30F6CCB0A00E3A0C3 /* Frameworks */ = {
			isa = PBXFrameworksBuildPhase;
			buildActionMask = 2147483647;
			files = (
				D8E417570F6CCD0400DF38DA /* Foundation.framework in Frameworks */,
			);
			runOnlyForDeploymentPostprocessing = 0;
		};
		D8E418010F6CD29B00DF38DA /* Frameworks */ = {
			isa = PBXFrameworksBuildPhase;
			buildActionMask = 2147483647;
			files = (
			);
			runOnlyForDeploymentPostprocessing = 0;
		};
/* End PBXFrameworksBuildPhase section */

/* Begin PBXGroup section */
		08FB7794FE84155DC02AAC07 /* NDFiber */ = {
			isa = PBXGroup;
			children = (
				08FB7795FE84155DC02AAC07 /* Source */,
				D8E4171C0F6CCCB200DF38DA /* Classes */,
				08FB779DFE84155DC02AAC07 /* External Frameworks and Libraries */,
				19C28FBDFE9D53C911CA2CBB /* Products */,
				D83927AC0F661E61002C4E9C /* Documentation */,
				D83927BD0F661E61002C4E9C /* Notes */,
			);
			name = NDFiber;
			sourceTree = "<group>";
		};
		08FB7795FE84155DC02AAC07 /* Source */ = {
			isa = PBXGroup;
			children = (
				D8E417190F6CCC9300DF38DA /* NDFiberTest.m */,
				D8E417E30F6CCD7A00DF38DA /* ExceptionsTest.m */,
				D8E4180F0F6CD31400DF38DA /* AutoreleasePoolTest.m */,
			);
			name = Source;
			sourceTree = "<group>";
		};
		08FB779DFE84155DC02AAC07 /* External Frameworks and Libraries */ = {
			isa = PBXGroup;
			children = (
				D8E417550F6CCD0400DF38DA /* Foundation.framework */,
			);
			name = "External Frameworks and Libraries";
			sourceTree = "<group>";
		};
		19C28FBDFE9D53C911CA2CBB /* Products */ = {
			isa = PBXGroup;
			children = (
				8DD76F7E0486A8DE00D96B5E /* NDFiber */,
				D870DAB50F6CCB0A00E3A0C3 /* ExceptionTest */,
				D8E418030F6CD29B00DF38DA /* AutoreleasePoolTest */,
			);
			name = Products;
			sourceTree = "<group>";
		};
		D83927AC0F661E61002C4E9C /* Documentation */ = {
			isa = PBXGroup;
			children = (
				D83927AD0F661E61002C4E9C /* NDFiber */,
			);
			path = Documentation;
			sourceTree = "<group>";
		};
		D83927AD0F661E61002C4E9C /* NDFiber */ = {
			isa = PBXGroup;
			children = (
				D83927AE0F661E61002C4E9C /* Classes */,
				D83927B60F661E61002C4E9C /* CompositePage.html */,
				D83927B70F661E61002C4E9C /* Constants */,
				D83927B90F661E61002C4E9C /* index.html */,
				D83927BA0F661E61002C4E9C /* NDFiber.html */,
				D83927BB0F661E61002C4E9C /* toc.html */,
			);
			path = NDFiber;
			sourceTree = "<group>";
		};
		D83927AE0F661E61002C4E9C /* Classes */ = {
			isa = PBXGroup;
			children = (
				D83927AF0F661E61002C4E9C /* NDFiber_ */,
			);
			path = Classes;
			sourceTree = "<group>";
		};
		D83927AF0F661E61002C4E9C /* NDFiber_ */ = {
			isa = PBXGroup;
			children = (
				D83927B00F661E61002C4E9C /* CompositePage.html */,
				D83927B10F661E61002C4E9C /* index.html */,
				D83927B20F661E61002C4E9C /* Methods */,
				D83927B40F661E61002C4E9C /* NDFiber.html */,
				D83927B50F661E61002C4E9C /* toc.html */,
			);
			path = NDFiber_;
			sourceTree = "<group>";
		};
		D83927B20F661E61002C4E9C /* Methods */ = {
			isa = PBXGroup;
			children = (
				D83927B30F661E61002C4E9C /* Methods.html */,
			);
			path = Methods;
			sourceTree = "<group>";
		};
		D83927B70F661E61002C4E9C /* Constants */ = {
			isa = PBXGroup;
			children = (
				D83927B80F661E61002C4E9C /* Constants.html */,
			);
			path = Constants;
			sourceTree = "<group>";
		};
		D83927BD0F661E61002C4E9C /* Notes */ = {
			isa = PBXGroup;
			children = (
				D83927BE0F661E61002C4E9C /* Manual Page for pthread_getspecific.html */,
				D83927BF0F661E61002C4E9C /* Manual Page for pthread_key_create.html */,
				D83927C00F661E61002C4E9C /* Manual Page for pthread_once.html */,
				D83927C10F661E61002C4E9C /* Manual Page for pthread_setspecific.html */,
				D83927C20F661E61002C4E9C /* Manual Page for ucontext.html */,
				D83927C40F661E61002C4E9C /* To Do.rtf */,
				D83927C50F661E61002C4E9C /* ucontext Broken on OS X 10.5 Leopard.rtf */,
			);
			path = Notes;
			sourceTree = "<group>";
		};
		D8E4171C0F6CCCB200DF38DA /* Classes */ = {
			isa = PBXGroup;
			children = (
				D8E4171D0F6CCCB200DF38DA /* NDFiber.h */,
				D8E4171E0F6CCCB200DF38DA /* NDFiber.m */,
			);
			path = Classes;
			sourceTree = "<group>";
		};
/* End PBXGroup section */

/* Begin PBXNativeTarget section */
		8DD76F740486A8DE00D96B5E /* NDFiber */ = {
			isa = PBXNativeTarget;
			buildConfigurationList = 1DEB924708733DCA0010E9CD /* Build configuration list for PBXNativeTarget "NDFiber" */;
			buildPhases = (
				8DD76F760486A8DE00D96B5E /* Sources */,
				8DD76F780486A8DE00D96B5E /* Frameworks */,
				8DD76F7B0486A8DE00D96B5E /* CopyFiles */,
			);
			buildRules = (
			);
			dependencies = (
			);
			name = NDFiber;
			productInstallPath = "$(HOME)/bin";
			productName = NDFiber;
			productReference = 8DD76F7E0486A8DE00D96B5E /* NDFiber */;
			productType = "com.apple.product-type.tool";
		};
		D870DAB40F6CCB0A00E3A0C3 /* ExceptionTest */ = {
			isa = PBXNativeTarget;
			buildConfigurationList = D870DAB90F6CCB2900E3A0C3 /* Build configuration list for PBXNativeTarget "ExceptionTest" */;
			buildPhases = (
				D870DAB20F6CCB0A00E3A0C3 /* Sources */,
				D870DAB30F6CCB0A00E3A0C3 /* Frameworks */,
			);
			buildRules = (
			);
			dependencies = (
			);
			name = ExceptionTest;
			productName = NDFiberAndExceptions;
			productReference = D870DAB50F6CCB0A00E3A0C3 /* ExceptionTest */;
			productType = "com.apple.product-type.tool";
		};
		D8E418020F6CD29B00DF38DA /* AutoreleasePoolTest */ = {
			isa = PBXNativeTarget;
			buildConfigurationList = D8E418070F6CD2B900DF38DA /* Build configuration list for PBXNativeTarget "AutoreleasePoolTest" */;
			buildPhases = (
				D8E418000F6CD29B00DF38DA /* Sources */,
				D8E418010F6CD29B00DF38DA /* Frameworks */,
			);
			buildRules = (
			);
			dependencies = (
			);
			name = AutoreleasePoolTest;
			productName = AutoreleasePoolTest;
			productReference = D8E418030F6CD29B00DF38DA /* AutoreleasePoolTest */;
			productType = "com.apple.product-type.tool";
		};
/* End PBXNativeTarget section */

/* Begin PBXProject section */
		08FB7793FE84155DC02AAC07 /* Project object */ = {
			isa = PBXProject;
			buildConfigurationList = 1DEB924B08733DCA0010E9CD /* Build configuration list for PBXProject "NDFiber" */;
			compatibilityVersion = "Xcode 3.1";
			hasScannedForEncodings = 1;
			mainGroup = 08FB7794FE84155DC02AAC07 /* NDFiber */;
			projectDirPath = "";
			projectRoot = "";
			targets = (
				8DD76F740486A8DE00D96B5E /* NDFiber */,
				D870DAB40F6CCB0A00E3A0C3 /* ExceptionTest */,
				D8E418020F6CD29B00DF38DA /* AutoreleasePoolTest */,
			);
		};
/* End PBXProject section */

/* Begin PBXSourcesBuildPhase section */
		8DD76F760486A8DE00D96B5E /* Sources */ = {
			isa = PBXSourcesBuildPhase;
			buildActionMask = 2147483647;
			files = (
				D8E4171A0F6CCC9300DF38DA /* NDFiberTest.m in Sources */,
				D8E4171F0F6CCCB200DF38DA /* NDFiber.m in Sources */,
			);
			runOnlyForDeploymentPostprocessing = 0;
		};
		D870DAB20F6CCB0A00E3A0C3 /* Sources */ = {
			isa = PBXSourcesBuildPhase;
			buildActionMask = 2147483647;
			files = (
				D8E417200F6CCCBB00DF38DA /* NDFiber.m in Sources */,
				D8E417E50F6CCD7A00DF38DA /* ExceptionsTest.m in Sources */,
			);
			runOnlyForDeploymentPostprocessing = 0;
		};
		D8E418000F6CD29B00DF38DA /* Sources */ = {
			isa = PBXSourcesBuildPhase;
			buildActionMask = 2147483647;
			files = (
				D8E418100F6CD31400DF38DA /* AutoreleasePoolTest.m in Sources */,
				D8953EA30F6CE81500C98B7E /* NDFiber.m in Sources */,
			);
			runOnlyForDeploymentPostprocessing = 0;
		};
/* End PBXSourcesBuildPhase section */

/* Begin XCBuildConfiguration section */
		1DEB924808733DCA0010E9CD /* Debug */ = {
			isa = XCBuildConfiguration;
			buildSettings = {
				ALWAYS_SEARCH_USER_PATHS = NO;
				COPY_PHASE_STRIP = NO;
				GCC_DYNAMIC_NO_PIC = NO;
				GCC_ENABLE_FIX_AND_CONTINUE = YES;
				GCC_MODEL_TUNING = G5;
				GCC_OPTIMIZATION_LEVEL = 0;
				INSTALL_PATH = /usr/local/bin;
				PRODUCT_NAME = NDFiber;
			};
			name = Debug;
		};
		1DEB924908733DCA0010E9CD /* Release */ = {
			isa = XCBuildConfiguration;
			buildSettings = {
				ALWAYS_SEARCH_USER_PATHS = NO;
				DEBUG_INFORMATION_FORMAT = "dwarf-with-dsym";
				GCC_MODEL_TUNING = G5;
				INSTALL_PATH = /usr/local/bin;
				PRODUCT_NAME = NDFiber;
			};
			name = Release;
		};
		1DEB924C08733DCA0010E9CD /* Debug */ = {
			isa = XCBuildConfiguration;
			buildSettings = {
				ARCHS = "$(ARCHS_STANDARD_32_BIT)";
				GCC_C_LANGUAGE_STANDARD = c99;
				GCC_OPTIMIZATION_LEVEL = 0;
				GCC_WARN_ABOUT_RETURN_TYPE = YES;
				GCC_WARN_UNUSED_VARIABLE = YES;
				ONLY_ACTIVE_ARCH = YES;
				PREBINDING = NO;
				SDKROOT = macosx10.5;
			};
			name = Debug;
		};
		1DEB924D08733DCA0010E9CD /* Release */ = {
			isa = XCBuildConfiguration;
			buildSettings = {
				ARCHS = "$(ARCHS_STANDARD_32_BIT)";
				GCC_C_LANGUAGE_STANDARD = c99;
				GCC_WARN_ABOUT_RETURN_TYPE = YES;
				GCC_WARN_UNUSED_VARIABLE = YES;
				PREBINDING = NO;
				SDKROOT = macosx10.5;
			};
			name = Release;
		};
		D870DAB70F6CCB0B00E3A0C3 /* Debug */ = {
			isa = XCBuildConfiguration;
			buildSettings = {
				ALWAYS_SEARCH_USER_PATHS = NO;
				COPY_PHASE_STRIP = NO;
				GCC_DYNAMIC_NO_PIC = NO;
				GCC_ENABLE_FIX_AND_CONTINUE = YES;
				GCC_MODEL_TUNING = G5;
				GCC_OPTIMIZATION_LEVEL = 0;
				GCC_PRECOMPILE_PREFIX_HEADER = YES;
				GCC_PREFIX_HEADER = "$(SYSTEM_LIBRARY_DIR)/Frameworks/AppKit.framework/Headers/AppKit.h";
				GCC_VERSION = "";
				INSTALL_PATH = /usr/local/bin;
				OTHER_LDFLAGS = (
					"-framework",
					Foundation,
					"-framework",
					AppKit,
				);
				PREBINDING = NO;
				PRODUCT_NAME = ExceptionTest;
			};
			name = Debug;
		};
		D870DAB80F6CCB0B00E3A0C3 /* Release */ = {
			isa = XCBuildConfiguration;
			buildSettings = {
				ALWAYS_SEARCH_USER_PATHS = NO;
				COPY_PHASE_STRIP = YES;
				DEBUG_INFORMATION_FORMAT = "dwarf-with-dsym";
				GCC_ENABLE_FIX_AND_CONTINUE = NO;
				GCC_MODEL_TUNING = G5;
				GCC_PRECOMPILE_PREFIX_HEADER = YES;
				GCC_PREFIX_HEADER = "$(SYSTEM_LIBRARY_DIR)/Frameworks/AppKit.framework/Headers/AppKit.h";
				INSTALL_PATH = /usr/local/bin;
				OTHER_LDFLAGS = (
					"-framework",
					Foundation,
					"-framework",
					AppKit,
				);
				PREBINDING = NO;
				PRODUCT_NAME = NDFiberAndExceptions;
				ZERO_LINK = NO;
			};
			name = Release;
		};
		D8E418050F6CD29B00DF38DA /* Debug */ = {
			isa = XCBuildConfiguration;
			buildSettings = {
				ALWAYS_SEARCH_USER_PATHS = NO;
				COPY_PHASE_STRIP = NO;
				GCC_DYNAMIC_NO_PIC = NO;
				GCC_ENABLE_FIX_AND_CONTINUE = YES;
				GCC_MODEL_TUNING = G5;
				GCC_OPTIMIZATION_LEVEL = 0;
				GCC_PRECOMPILE_PREFIX_HEADER = YES;
				GCC_PREFIX_HEADER = "$(SYSTEM_LIBRARY_DIR)/Frameworks/AppKit.framework/Headers/AppKit.h";
				INSTALL_PATH = /usr/local/bin;
				OTHER_LDFLAGS = (
					"-framework",
					Foundation,
					"-framework",
					AppKit,
				);
				PREBINDING = NO;
				PRODUCT_NAME = AutoreleasePoolTest;
			};
			name = Debug;
		};
		D8E418060F6CD29B00DF38DA /* Release */ = {
			isa = XCBuildConfiguration;
			buildSettings = {
				ALWAYS_SEARCH_USER_PATHS = NO;
				COPY_PHASE_STRIP = YES;
				DEBUG_INFORMATION_FORMAT = "dwarf-with-dsym";
				GCC_ENABLE_FIX_AND_CONTINUE = NO;
				GCC_MODEL_TUNING = G5;
				GCC_PRECOMPILE_PREFIX_HEADER = YES;
				GCC_PREFIX_HEADER = "$(SYSTEM_LIBRARY_DIR)/Frameworks/AppKit.framework/Headers/AppKit.h";
				INSTALL_PATH = /usr/local/bin;
				OTHER_LDFLAGS = (
					"-framework",
					Foundation,
					"-framework",
					AppKit,
				);
				PREBINDING = NO;
				PRODUCT_NAME = AutoreleasePoolTest;
				ZERO_LINK = NO;
			};
			name = Release;
		};
/* End XCBuildConfiguration section */

/* Begin XCConfigurationList section */
		1DEB924708733DCA0010E9CD /* Build configuration list for PBXNativeTarget "NDFiber" */ = {
			isa = XCConfigurationList;
			buildConfigurations = (
				1DEB924808733DCA0010E9CD /* Debug */,
				1DEB924908733DCA0010E9CD /* Release */,
			);
			defaultConfigurationIsVisible = 0;
			defaultConfigurationName = Release;
		};
		1DEB924B08733DCA0010E9CD /* Build configuration list for PBXProject "NDFiber" */ = {
			isa = XCConfigurationList;
			buildConfigurations = (
				1DEB924C08733DCA0010E9CD /* Debug */,
				1DEB924D08733DCA0010E9CD /* Release */,
			);
			defaultConfigurationIsVisible = 0;
			defaultConfigurationName = Release;
		};
		D870DAB90F6CCB2900E3A0C3 /* Build configuration list for PBXNativeTarget "ExceptionTest" */ = {
			isa = XCConfigurationList;
			buildConfigurations = (
				D870DAB70F6CCB0B00E3A0C3 /* Debug */,
				D870DAB80F6CCB0B00E3A0C3 /* Release */,
			);
			defaultConfigurationIsVisible = 0;
			defaultConfigurationName = Release;
		};
		D8E418070F6CD2B900DF38DA /* Build configuration list for PBXNativeTarget "AutoreleasePoolTest" */ = {
			isa = XCConfigurationList;
			buildConfigurations = (
				D8E418050F6CD29B00DF38DA /* Debug */,
				D8E418060F6CD29B00DF38DA /* Release */,
			);
			defaultConfigurationIsVisible = 0;
			defaultConfigurationName = Release;
		};
/* End XCConfigurationList section */
	};
	rootObject = 08FB7793FE84155DC02AAC07 /* Project object */;
}
